
Microsoft Visual Studio Solution File, Format Version 12.00
# Visual Studio 15
VisualStudioVersion = 15.0.28307.572
MinimumVisualStudioVersion = 10.0.40219.1
Project("{FAE04EC0-301F-11D3-BF4B-00C04F79EFBC}") = "WebMagazine", "WebMagazine\WebMagazine.csproj", "{0B6FA3BE-355F-41B5-9AD6-685BB562F2DE}"
EndProject
Global
	GlobalSection(SolutionConfigurationPlatforms) = preSolution
		Debug|Any CPU = Debug|Any CPU
		Release|Any CPU = Release|Any CPU
	EndGlobalSection
	GlobalSection(ProjectConfigurationPlatforms) = postSolution
		{0B6FA3BE-355F-41B5-9AD6-685BB562F2DE}.Debug|Any CPU.ActiveCfg = Debug|Any CPU
		{0B6FA3BE-355F-41B5-9AD6-685BB562F2DE}.Debug|Any CPU.Build.0 = Debug|Any CPU
		{0B6FA3BE-355F-41B5-9AD6-685BB562F2DE}.Release|Any CPU.ActiveCfg = Release|Any CPU
		{0B6FA3BE-355F-41B5-9AD6-685BB562F2DE}.Release|Any CPU.Build.0 = Release|Any CPU
	EndGlobalSection
	GlobalSection(SolutionProperties) = preSolution
		HideSolutionNode = FALSE
	EndGlobalSection
	GlobalSection(ExtensibilityGlobals) = postSolution
		SolutionGuid = {BA35C707-7236-4E37-861B-DBEFA2445A70}
	EndGlobalSection
EndGlobal
